// !$*UTF8*$!
{
	archiveVersion = 1;
	classes = {
	};
	objectVersion = 46;
	objects = {

/* Begin PBXBuildFile section */
		53A616EA1E6D6144003FD089 /* main.m in Sources */ = {isa = PBXBuildFile; fileRef = 53A616E91E6D6144003FD089 /* main.m */; };
		53A616ED1E6D6144003FD089 /* AppDelegate.m in Sources */ = {isa = PBXBuildFile; fileRef = 53A616EC1E6D6144003FD089 /* AppDelegate.m */; };
		53A616F51E6D6144003FD089 /* Assets.xcassets in Resources */ = {isa = PBXBuildFile; fileRef = 53A616F41E6D6144003FD089 /* Assets.xcassets */; };
		53A617031E6D6144003FD089 /* _____Tests.m in Sources */ = {isa = PBXBuildFile; fileRef = 53A617021E6D6144003FD089 /* _____Tests.m */; };
		53A6170E1E6D6144003FD089 /* _____UITests.m in Sources */ = {isa = PBXBuildFile; fileRef = 53A6170D1E6D6144003FD089 /* _____UITests.m */; };
		53A617201E6D6220003FD089 /* XMGTabBarController.m in Sources */ = {isa = PBXBuildFile; fileRef = 53A6171F1E6D6220003FD089 /* XMGTabBarController.m */; };
		53A617231E6D6249003FD089 /* XMGTabBar.m in Sources */ = {isa = PBXBuildFile; fileRef = 53A617221E6D6249003FD089 /* XMGTabBar.m */; };
/* End PBXBuildFile section */

/* Begin PBXContainerItemProxy section */
		53A616FF1E6D6144003FD089 /* PBXContainerItemProxy */ = {
			isa = PBXContainerItemProxy;
			containerPortal = 53A616DD1E6D6144003FD089 /* Project object */;
			proxyType = 1;
			remoteGlobalIDString = 53A616E41E6D6144003FD089;
			remoteInfo = "百思不得姐";
		};
		53A6170A1E6D6144003FD089 /* PBXContainerItemProxy */ = {
			isa = PBXContainerItemProxy;
			containerPortal = 53A616DD1E6D6144003FD089 /* Project object */;
			proxyType = 1;
			remoteGlobalIDString = 53A616E41E6D6144003FD089;
			remoteInfo = "百思不得姐";
		};
/* End PBXContainerItemProxy section */

/* Begin PBXFileReference section */
		53A616E51E6D6144003FD089 /* 百思不得姐.app */ = {isa = PBXFileReference; explicitFileType = wrapper.application; includeInIndex = 0; path = "百思不得姐.app"; sourceTree = BUILT_PRODUCTS_DIR; };
		53A616E91E6D6144003FD089 /* main.m */ = {isa = PBXFileReference; lastKnownFileType = sourcecode.c.objc; path = main.m; sourceTree = "<group>"; };
		53A616EB1E6D6144003FD089 /* AppDelegate.h */ = {isa = PBXFileReference; lastKnownFileType = sourcecode.c.h; path = AppDelegate.h; sourceTree = "<group>"; };
		53A616EC1E6D6144003FD089 /* AppDelegate.m */ = {isa = PBXFileReference; lastKnownFileType = sourcecode.c.objc; path = AppDelegate.m; sourceTree = "<group>"; };
		53A616F41E6D6144003FD089 /* Assets.xcassets */ = {isa = PBXFileReference; lastKnownFileType = folder.assetcatalog; path = Assets.xcassets; sourceTree = "<group>"; };
		53A616F91E6D6144003FD089 /* Info.plist */ = {isa = PBXFileReference; lastKnownFileType = text.plist.xml; path = Info.plist; sourceTree = "<group>"; };
		53A616FE1E6D6144003FD089 /* 百思不得姐Tests.xctest */ = {isa = PBXFileReference; explicitFileType = wrapper.cfbundle; includeInIndex = 0; path = "百思不得姐Tests.xctest"; sourceTree = BUILT_PRODUCTS_DIR; };
		53A617021E6D6144003FD089 /* _____Tests.m */ = {isa = PBXFileReference; lastKnownFileType = sourcecode.c.objc; path = "_____Tests.m"; sourceTree = "<group>"; };
		53A617041E6D6144003FD089 /* Info.plist */ = {isa = PBXFileReference; lastKnownFileType = text.plist.xml; path = Info.plist; sourceTree = "<group>"; };
		53A617091E6D6144003FD089 /* 百思不得姐UITests.xctest */ = {isa = PBXFileReference; explicitFileType = wrapper.cfbundle; includeInIndex = 0; path = "百思不得姐UITests.xctest"; sourceTree = BUILT_PRODUCTS_DIR; };
		53A6170D1E6D6144003FD089 /* _____UITests.m */ = {isa = PBXFileReference; lastKnownFileType = sourcecode.c.objc; path = "_____UITests.m"; sourceTree = "<group>"; };
		53A6170F1E6D6144003FD089 /* Info.plist */ = {isa = PBXFileReference; lastKnownFileType = text.plist.xml; path = Info.plist; sourceTree = "<group>"; };
		53A6171E1E6D6220003FD089 /* XMGTabBarController.h */ = {isa = PBXFileReference; fileEncoding = 4; lastKnownFileType = sourcecode.c.h; path = XMGTabBarController.h; sourceTree = "<group>"; };
		53A6171F1E6D6220003FD089 /* XMGTabBarController.m */ = {isa = PBXFileReference; fileEncoding = 4; lastKnownFileType = sourcecode.c.objc; path = XMGTabBarController.m; sourceTree = "<group>"; };
		53A617211E6D6249003FD089 /* XMGTabBar.h */ = {isa = PBXFileReference; fileEncoding = 4; lastKnownFileType = sourcecode.c.h; path = XMGTabBar.h; sourceTree = "<group>"; };
		53A617221E6D6249003FD089 /* XMGTabBar.m */ = {isa = PBXFileReference; fileEncoding = 4; lastKnownFileType = sourcecode.c.objc; path = XMGTabBar.m; sourceTree = "<group>"; };
		53A617241E6D626F003FD089 /* PrefixHeader.pch */ = {isa = PBXFileReference; lastKnownFileType = sourcecode.c.h; path = PrefixHeader.pch; sourceTree = "<group>"; };
/* End PBXFileReference section */

/* Begin PBXFrameworksBuildPhase section */
		53A616E21E6D6144003FD089 /* Frameworks */ = {
			isa = PBXFrameworksBuildPhase;
			buildActionMask = 2147483647;
			files = (
			);
			runOnlyForDeploymentPostprocessing = 0;
		};
		53A616FB1E6D6144003FD089 /* Frameworks */ = {
			isa = PBXFrameworksBuildPhase;
			buildActionMask = 2147483647;
			files = (
			);
			runOnlyForDeploymentPostprocessing = 0;
		};
		53A617061E6D6144003FD089 /* Frameworks */ = {
			isa = PBXFrameworksBuildPhase;
			buildActionMask = 2147483647;
			files = (
			);
			runOnlyForDeploymentPostprocessing = 0;
		};
/* End PBXFrameworksBuildPhase section */

/* Begin PBXGroup section */
		53A616DC1E6D6144003FD089 = {
			isa = PBXGroup;
			children = (
				53A616E71E6D6144003FD089 /* 百思不得姐 */,
				53A617011E6D6144003FD089 /* 百思不得姐Tests */,
				53A6170C1E6D6144003FD089 /* 百思不得姐UITests */,
				53A616E61E6D6144003FD089 /* Products */,
			);
			sourceTree = "<group>";
		};
		53A616E61E6D6144003FD089 /* Products */ = {
			isa = PBXGroup;
			children = (
				53A616E51E6D6144003FD089 /* 百思不得姐.app */,
				53A616FE1E6D6144003FD089 /* 百思不得姐Tests.xctest */,
				53A617091E6D6144003FD089 /* 百思不得姐UITests.xctest */,
			);
			name = Products;
			sourceTree = "<group>";
		};
		53A616E71E6D6144003FD089 /* 百思不得姐 */ = {
			isa = PBXGroup;
			children = (
				53A616EB1E6D6144003FD089 /* AppDelegate.h */,
				53A616EC1E6D6144003FD089 /* AppDelegate.m */,
				53A6171E1E6D6220003FD089 /* XMGTabBarController.h */,
				53A6171F1E6D6220003FD089 /* XMGTabBarController.m */,
				53A617211E6D6249003FD089 /* XMGTabBar.h */,
				53A617221E6D6249003FD089 /* XMGTabBar.m */,
				53A617241E6D626F003FD089 /* PrefixHeader.pch */,
				53A616E81E6D6144003FD089 /* Supporting Files */,
			);
			path = "百思不得姐";
			sourceTree = "<group>";
		};
		53A616E81E6D6144003FD089 /* Supporting Files */ = {
			isa = PBXGroup;
			children = (
				53A616F41E6D6144003FD089 /* Assets.xcassets */,
				53A616F91E6D6144003FD089 /* Info.plist */,
				53A616E91E6D6144003FD089 /* main.m */,
			);
			name = "Supporting Files";
			sourceTree = "<group>";
		};
		53A617011E6D6144003FD089 /* 百思不得姐Tests */ = {
			isa = PBXGroup;
			children = (
				53A617021E6D6144003FD089 /* _____Tests.m */,
				53A617041E6D6144003FD089 /* Info.plist */,
			);
			path = "百思不得姐Tests";
			sourceTree = "<group>";
		};
		53A6170C1E6D6144003FD089 /* 百思不得姐UITests */ = {
			isa = PBXGroup;
			children = (
				53A6170D1E6D6144003FD089 /* _____UITests.m */,
				53A6170F1E6D6144003FD089 /* Info.plist */,
			);
			path = "百思不得姐UITests";
			sourceTree = "<group>";
		};
/* End PBXGroup section */

/* Begin PBXNativeTarget section */
		53A616E41E6D6144003FD089 /* 百思不得姐 */ = {
			isa = PBXNativeTarget;
			buildConfigurationList = 53A617121E6D6144003FD089 /* Build configuration list for PBXNativeTarget "百思不得姐" */;
			buildPhases = (
				53A616E11E6D6144003FD089 /* Sources */,
				53A616E21E6D6144003FD089 /* Frameworks */,
				53A616E31E6D6144003FD089 /* Resources */,
			);
			buildRules = (
			);
			dependencies = (
			);
			name = "百思不得姐";
			productName = "百思不得姐";
			productReference = 53A616E51E6D6144003FD089 /* 百思不得姐.app */;
			productType = "com.apple.product-type.application";
		};
		53A616FD1E6D6144003FD089 /* 百思不得姐Tests */ = {
			isa = PBXNativeTarget;
			buildConfigurationList = 53A617151E6D6144003FD089 /* Build configuration list for PBXNativeTarget "百思不得姐Tests" */;
			buildPhases = (
				53A616FA1E6D6144003FD089 /* Sources */,
				53A616FB1E6D6144003FD089 /* Frameworks */,
				53A616FC1E6D6144003FD089 /* Resources */,
			);
			buildRules = (
			);
			dependencies = (
				53A617001E6D6144003FD089 /* PBXTargetDependency */,
			);
			name = "百思不得姐Tests";
			productName = "百思不得姐Tests";
			productReference = 53A616FE1E6D6144003FD089 /* 百思不得姐Tests.xctest */;
			productType = "com.apple.product-type.bundle.unit-test";
		};
		53A617081E6D6144003FD089 /* 百思不得姐UITests */ = {
			isa = PBXNativeTarget;
			buildConfigurationList = 53A617181E6D6144003FD089 /* Build configuration list for PBXNativeTarget "百思不得姐UITests" */;
			buildPhases = (
				53A617051E6D6144003FD089 /* Sources */,
				53A617061E6D6144003FD089 /* Frameworks */,
				53A617071E6D6144003FD089 /* Resources */,
			);
			buildRules = (
			);
			dependencies = (
				53A6170B1E6D6144003FD089 /* PBXTargetDependency */,
			);
			name = "百思不得姐UITests";
			productName = "百思不得姐UITests";
			productReference = 53A617091E6D6144003FD089 /* 百思不得姐UITests.xctest */;
			productType = "com.apple.product-type.bundle.ui-testing";
		};
/* End PBXNativeTarget section */

/* Begin PBXProject section */
		53A616DD1E6D6144003FD089 /* Project object */ = {
			isa = PBXProject;
			attributes = {
				LastUpgradeCheck = 0820;
				ORGANIZATIONNAME = Jackeylove;
				TargetAttributes = {
					53A616E41E6D6144003FD089 = {
						CreatedOnToolsVersion = 8.2.1;
						ProvisioningStyle = Automatic;
					};
					53A616FD1E6D6144003FD089 = {
						CreatedOnToolsVersion = 8.2.1;
						ProvisioningStyle = Automatic;
						TestTargetID = 53A616E41E6D6144003FD089;
					};
					53A617081E6D6144003FD089 = {
						CreatedOnToolsVersion = 8.2.1;
						ProvisioningStyle = Automatic;
						TestTargetID = 53A616E41E6D6144003FD089;
					};
				};
			};
			buildConfigurationList = 53A616E01E6D6144003FD089 /* Build configuration list for PBXProject "百思不得姐" */;
			compatibilityVersion = "Xcode 3.2";
			developmentRegion = English;
			hasScannedForEncodings = 0;
			knownRegions = (
				en,
				Base,
			);
			mainGroup = 53A616DC1E6D6144003FD089;
			productRefGroup = 53A616E61E6D6144003FD089 /* Products */;
			projectDirPath = "";
			projectRoot = "";
			targets = (
				53A616E41E6D6144003FD089 /* 百思不得姐 */,
				53A616FD1E6D6144003FD089 /* 百思不得姐Tests */,
				53A617081E6D6144003FD089 /* 百思不得姐UITests */,
			);
		};
/* End PBXProject section */

/* Begin PBXResourcesBuildPhase section */
		53A616E31E6D6144003FD089 /* Resources */ = {
			isa = PBXResourcesBuildPhase;
			buildActionMask = 2147483647;
			files = (
				53A616F51E6D6144003FD089 /* Assets.xcassets in Resources */,
			);
			runOnlyForDeploymentPostprocessing = 0;
		};
		53A616FC1E6D6144003FD089 /* Resources */ = {
			isa = PBXResourcesBuildPhase;
			buildActionMask = 2147483647;
			files = (
			);
			runOnlyForDeploymentPostprocessing = 0;
		};
		53A617071E6D6144003FD089 /* Resources */ = {
			isa = PBXResourcesBuildPhase;
			buildActionMask = 2147483647;
			files = (
			);
			runOnlyForDeploymentPostprocessing = 0;
		};
/* End PBXResourcesBuildPhase section */

/* Begin PBXSourcesBuildPhase section */
		53A616E11E6D6144003FD089 /* Sources */ = {
			isa = PBXSourcesBuildPhase;
			buildActionMask = 2147483647;
			files = (
				53A617201E6D6220003FD089 /* XMGTabBarController.m in Sources */,
				53A616ED1E6D6144003FD089 /* AppDelegate.m in Sources */,
				53A617231E6D6249003FD089 /* XMGTabBar.m in Sources */,
				53A616EA1E6D6144003FD089 /* main.m in Sources */,
			);
			runOnlyForDeploymentPostprocessing = 0;
		};
		53A616FA1E6D6144003FD089 /* Sources */ = {
			isa = PBXSourcesBuildPhase;
			buildActionMask = 2147483647;
			files = (
				53A617031E6D6144003FD089 /* _____Tests.m in Sources */,
			);
			runOnlyForDeploymentPostprocessing = 0;
		};
		53A617051E6D6144003FD089 /* Sources */ = {
			isa = PBXSourcesBuildPhase;
			buildActionMask = 2147483647;
			files = (
				53A6170E1E6D6144003FD089 /* _____UITests.m in Sources */,
			);
			runOnlyForDeploymentPostprocessing = 0;
		};
/* End PBXSourcesBuildPhase section */

/* Begin PBXTargetDependency section */
		53A617001E6D6144003FD089 /* PBXTargetDependency */ = {
			isa = PBXTargetDependency;
			target = 53A616E41E6D6144003FD089 /* 百思不得姐 */;
			targetProxy = 53A616FF1E6D6144003FD089 /* PBXContainerItemProxy */;
		};
		53A6170B1E6D6144003FD089 /* PBXTargetDependency */ = {
			isa = PBXTargetDependency;
			target = 53A616E41E6D6144003FD089 /* 百思不得姐 */;
			targetProxy = 53A6170A1E6D6144003FD089 /* PBXContainerItemProxy */;
		};
/* End PBXTargetDependency section */

/* Begin XCBuildConfiguration section */
		53A617101E6D6144003FD089 /* Debug */ = {
			isa = XCBuildConfiguration;
			buildSettings = {
				ALWAYS_SEARCH_USER_PATHS = NO;
				CLANG_ANALYZER_NONNULL = YES;
				CLANG_CXX_LANGUAGE_STANDARD = "gnu++0x";
				CLANG_CXX_LIBRARY = "libc++";
				CLANG_ENABLE_MODULES = YES;
				CLANG_ENABLE_OBJC_ARC = YES;
				CLANG_WARN_BOOL_CONVERSION = YES;
				CLANG_WARN_CONSTANT_CONVERSION = YES;
				CLANG_WARN_DIRECT_OBJC_ISA_USAGE = YES_ERROR;
				CLANG_WARN_DOCUMENTATION_COMMENTS = YES;
				CLANG_WARN_EMPTY_BODY = YES;
				CLANG_WARN_ENUM_CONVERSION = YES;
				CLANG_WARN_INFINITE_RECURSION = YES;
				CLANG_WARN_INT_CONVERSION = YES;
				CLANG_WARN_OBJC_ROOT_CLASS = YES_ERROR;
				CLANG_WARN_SUSPICIOUS_MOVE = YES;
				CLANG_WARN_UNREACHABLE_CODE = YES;
				CLANG_WARN__DUPLICATE_METHOD_MATCH = YES;
				"CODE_SIGN_IDENTITY[sdk=iphoneos*]" = "iPhone Developer";
				COPY_PHASE_STRIP = NO;
				DEBUG_INFORMATION_FORMAT = dwarf;
				ENABLE_STRICT_OBJC_MSGSEND = YES;
				ENABLE_TESTABILITY = YES;
				GCC_C_LANGUAGE_STANDARD = gnu99;
				GCC_DYNAMIC_NO_PIC = NO;
				GCC_NO_COMMON_BLOCKS = YES;
				GCC_OPTIMIZATION_LEVEL = 0;
				GCC_PREFIX_HEADER = "百思不得姐/PrefixHeader.pch";
				GCC_PREPROCESSOR_DEFINITIONS = (
					"DEBUG=1",
					"$(inherited)",
				);
				GCC_WARN_64_TO_32_BIT_CONVERSION = YES;
				GCC_WARN_ABOUT_RETURN_TYPE = YES_ERROR;
				GCC_WARN_UNDECLARED_SELECTOR = YES;
				GCC_WARN_UNINITIALIZED_AUTOS = YES_AGGRESSIVE;
				GCC_WARN_UNUSED_FUNCTION = YES;
				GCC_WARN_UNUSED_VARIABLE = YES;
				IPHONEOS_DEPLOYMENT_TARGET = 10.2;
				MTL_ENABLE_DEBUG_INFO = YES;
				ONLY_ACTIVE_ARCH = YES;
				SDKROOT = iphoneos;
			};
			name = Debug;
		};
		53A617111E6D6144003FD089 /* Release */ = {
			isa = XCBuildConfiguration;
			buildSettings = {
				ALWAYS_SEARCH_USER_PATHS = NO;
				CLANG_ANALYZER_NONNULL = YES;
				CLANG_CXX_LANGUAGE_STANDARD = "gnu++0x";
				CLANG_CXX_LIBRARY = "libc++";
				CLANG_ENABLE_MODULES = YES;
				CLANG_ENABLE_OBJC_ARC = YES;
				CLANG_WARN_BOOL_CONVERSION = YES;
				CLANG_WARN_CONSTANT_CONVERSION = YES;
				CLANG_WARN_DIRECT_OBJC_ISA_USAGE = YES_ERROR;
				CLANG_WARN_DOCUMENTATION_COMMENTS = YES;
				CLANG_WARN_EMPTY_BODY = YES;
				CLANG_WARN_ENUM_CONVERSION = YES;
				CLANG_WARN_INFINITE_RECURSION = YES;
				CLANG_WARN_INT_CONVERSION = YES;
				CLANG_WARN_OBJC_ROOT_CLASS = YES_ERROR;
				CLANG_WARN_SUSPICIOUS_MOVE = YES;
				CLANG_WARN_UNREACHABLE_CODE = YES;
				CLANG_WARN__DUPLICATE_METHOD_MATCH = YES;
				"CODE_SIGN_IDENTITY[sdk=iphoneos*]" = "iPhone Developer";
				COPY_PHASE_STRIP = NO;
				DEBUG_INFORMATION_FORMAT = "dwarf-with-dsym";
				ENABLE_NS_ASSERTIONS = NO;
				ENABLE_STRICT_OBJC_MSGSEND = YES;
				GCC_C_LANGUAGE_STANDARD = gnu99;
				GCC_NO_COMMON_BLOCKS = YES;
				GCC_PREFIX_HEADER = "百思不得姐/PrefixHeader.pch";
				GCC_WARN_64_TO_32_BIT_CONVERSION = YES;
				GCC_WARN_ABOUT_RETURN_TYPE = YES_ERROR;
				GCC_WARN_UNDECLARED_SELECTOR = YES;
				GCC_WARN_UNINITIALIZED_AUTOS = YES_AGGRESSIVE;
				GCC_WARN_UNUSED_FUNCTION = YES;
				GCC_WARN_UNUSED_VARIABLE = YES;
				IPHONEOS_DEPLOYMENT_TARGET = 10.2;
				MTL_ENABLE_DEBUG_INFO = NO;
				SDKROOT = iphoneos;
				VALIDATE_PRODUCT = YES;
			};
			name = Release;
		};
		53A617131E6D6144003FD089 /* Debug */ = {
			isa = XCBuildConfiguration;
			buildSettings = {
				ASSETCATALOG_COMPILER_APPICON_NAME = AppIcon;
				ASSETCATALOG_COMPILER_LAUNCHIMAGE_NAME = LaunchImage;
				INFOPLIST_FILE = "百思不得姐/Info.plist";
				IPHONEOS_DEPLOYMENT_TARGET = 10.0;
				LD_RUNPATH_SEARCH_PATHS = "$(inherited) @executable_path/Frameworks";
				PRODUCT_BUNDLE_IDENTIFIER = "com.Jackeylove.-----";
				PRODUCT_NAME = "$(TARGET_NAME)";
			};
			name = Debug;
		};
		53A617141E6D6144003FD089 /* Release */ = {
			isa = XCBuildConfiguration;
			buildSettings = {
				ASSETCATALOG_COMPILER_APPICON_NAME = AppIcon;
				ASSETCATALOG_COMPILER_LAUNCHIMAGE_NAME = LaunchImage;
				INFOPLIST_FILE = "百思不得姐/Info.plist";
				IPHONEOS_DEPLOYMENT_TARGET = 10.0;
				LD_RUNPATH_SEARCH_PATHS = "$(inherited) @executable_path/Frameworks";
				PRODUCT_BUNDLE_IDENTIFIER = "com.Jackeylove.-----";
				PRODUCT_NAME = "$(TARGET_NAME)";
			};
			name = Release;
		};
		53A617161E6D6144003FD089 /* Debug */ = {
			isa = XCBuildConfiguration;
			buildSettings = {
				BUNDLE_LOADER = "$(TEST_HOST)";
				INFOPLIST_FILE = "百思不得姐Tests/Info.plist";
				LD_RUNPATH_SEARCH_PATHS = "$(inherited) @executable_path/Frameworks @loader_path/Frameworks";
				PRODUCT_BUNDLE_IDENTIFIER = "com.Jackeylove.-----Tests";
				PRODUCT_NAME = "$(TARGET_NAME)";
				TEST_HOST = "$(BUILT_PRODUCTS_DIR)/百思不得姐.app/百思不得姐";
			};
			name = Debug;
		};
		53A617171E6D6144003FD089 /* Release */ = {
			isa = XCBuildConfiguration;
			buildSettings = {
				BUNDLE_LOADER = "$(TEST_HOST)";
				INFOPLIST_FILE = "百思不得姐Tests/Info.plist";
				LD_RUNPATH_SEARCH_PATHS = "$(inherited) @executable_path/Frameworks @loader_path/Frameworks";
				PRODUCT_BUNDLE_IDENTIFIER = "com.Jackeylove.-----Tests";
				PRODUCT_NAME = "$(TARGET_NAME)";
				TEST_HOST = "$(BUILT_PRODUCTS_DIR)/百思不得姐.app/百思不得姐";
			};
			name = Release;
		};
		53A617191E6D6144003FD089 /* Debug */ = {
			isa = XCBuildConfiguration;
			buildSettings = {
				INFOPLIST_FILE = "百思不得姐UITests/Info.plist";
				LD_RUNPATH_SEARCH_PATHS = "$(inherited) @executable_path/Frameworks @loader_path/Frameworks";
				PRODUCT_BUNDLE_IDENTIFIER = "com.Jackeylove.-----UITests";
				PRODUCT_NAME = "$(TARGET_NAME)";
				TEST_TARGET_NAME = "百思不得姐";
			};
			name = Debug;
		};
		53A6171A1E6D6144003FD089 /* Release */ = {
			isa = XCBuildConfiguration;
			buildSettings = {
				INFOPLIST_FILE = "百思不得姐UITests/Info.plist";
				LD_RUNPATH_SEARCH_PATHS = "$(inherited) @executable_path/Frameworks @loader_path/Frameworks";
				PRODUCT_BUNDLE_IDENTIFIER = "com.Jackeylove.-----UITests";
				PRODUCT_NAME = "$(TARGET_NAME)";
				TEST_TARGET_NAME = "百思不得姐";
			};
			name = Release;
		};
/* End XCBuildConfiguration section */

/* Begin XCConfigurationList section */
		53A616E01E6D6144003FD089 /* Build configuration list for PBXProject "百思不得姐" */ = {
			isa = XCConfigurationList;
			buildConfigurations = (
				53A617101E6D6144003FD089 /* Debug */,
				53A617111E6D6144003FD089 /* Release */,
			);
			defaultConfigurationIsVisible = 0;
			defaultConfigurationName = Release;
		};
		53A617121E6D6144003FD089 /* Build configuration list for PBXNativeTarget "百思不得姐" */ = {
			isa = XCConfigurationList;
			buildConfigurations = (
				53A617131E6D6144003FD089 /* Debug */,
				53A617141E6D6144003FD089 /* Release */,
			);
			defaultConfigurationIsVisible = 0;
			defaultConfigurationName = Release;
		};
		53A617151E6D6144003FD089 /* Build configuration list for PBXNativeTarget "百思不得姐Tests" */ = {
			isa = XCConfigurationList;
			buildConfigurations = (
				53A617161E6D6144003FD089 /* Debug */,
				53A617171E6D6144003FD089 /* Release */,
			);
			defaultConfigurationIsVisible = 0;
			defaultConfigurationName = Release;
		};
		53A617181E6D6144003FD089 /* Build configuration list for PBXNativeTarget "百思不得姐UITests" */ = {
			isa = XCConfigurationList;
			buildConfigurations = (
				53A617191E6D6144003FD089 /* Debug */,
				53A6171A1E6D6144003FD089 /* Release */,
			);
			defaultConfigurationIsVisible = 0;
			defaultConfigurationName = Release;
		};
/* End XCConfigurationList section */
	};
	rootObject = 53A616DD1E6D6144003FD089 /* Project object */;
}
